
Microsoft Visual Studio Solution File, Format Version 12.00
# Visual Studio Version 16
VisualStudioVersion = 16.0.30330.147
MinimumVisualStudioVersion = 10.0.40219.1
Project("{FAE04EC0-301F-11D3-BF4B-00C04F79EFBC}") = "EnjoyPi.Api", "EnjoyPi.Api.csproj", "{E265AA15-B53E-48E0-8759-54028C319C20}"
EndProject
Global
	GlobalSection(SolutionConfigurationPlatforms) = preSolution
		Debug|Any CPU = Debug|Any CPU
		Release|Any CPU = Release|Any CPU
	EndGlobalSection
	GlobalSection(ProjectConfigurationPlatforms) = postSolution
		{E265AA15-B53E-48E0-8759-54028C319C20}.Debug|Any CPU.ActiveCfg = Debug|Any CPU
		{E265AA15-B53E-48E0-8759-54028C319C20}.Debug|Any CPU.Build.0 = Debug|Any CPU
		{E265AA15-B53E-48E0-8759-54028C319C20}.Release|Any CPU.ActiveCfg = Release|Any CPU
		{E265AA15-B53E-48E0-8759-54028C319C20}.Release|Any CPU.Build.0 = Release|Any CPU
	EndGlobalSection
	GlobalSection(SolutionProperties) = preSolution
		HideSolutionNode = FALSE
	EndGlobalSection
	GlobalSection(ExtensibilityGlobals) = postSolution
		SolutionGuid = {F5B514A6-E524-4F30-A1B2-A5AA4AE725E7}
	EndGlobalSection
EndGlobal
